
Microsoft Visual Studio Solution File, Format Version 12.00
# Visual Studio Version 16
VisualStudioVersion = 16.0.33529.622
MinimumVisualStudioVersion = 10.0.40219.1
Project("{8BC9CEB8-8B4A-11D0-8D11-00A0C91BC942}") = "Perfection_Server", "Perfection_Server\Perfection_Server.vcxproj", "{52672A84-74F4-47DB-8567-471E6A6E3F7C}"
EndProject
Global
	GlobalSection(SolutionConfigurationPlatforms) = preSolution
		Debug|x64 = Debug|x64
		Debug|x86 = Debug|x86
		Release|x64 = Release|x64
		Release|x86 = Release|x86
	EndGlobalSection
	GlobalSection(ProjectConfigurationPlatforms) = postSolution
		{52672A84-74F4-47DB-8567-471E6A6E3F7C}.Debug|x64.ActiveCfg = Debug|x64
		{52672A84-74F4-47DB-8567-471E6A6E3F7C}.Debug|x64.Build.0 = Debug|x64
		{52672A84-74F4-47DB-8567-471E6A6E3F7C}.Debug|x86.ActiveCfg = Debug|Win32
		{52672A84-74F4-47DB-8567-471E6A6E3F7C}.Debug|x86.Build.0 = Debug|Win32
		{52672A84-74F4-47DB-8567-471E6A6E3F7C}.Release|x64.ActiveCfg = Release|x64
		{52672A84-74F4-47DB-8567-471E6A6E3F7C}.Release|x64.Build.0 = Release|x64
		{52672A84-74F4-47DB-8567-471E6A6E3F7C}.Release|x86.ActiveCfg = Release|Win32
		{52672A84-74F4-47DB-8567-471E6A6E3F7C}.Release|x86.Build.0 = Release|Win32
	EndGlobalSection
	GlobalSection(SolutionProperties) = preSolution
		HideSolutionNode = FALSE
	EndGlobalSection
	GlobalSection(ExtensibilityGlobals) = postSolution
		SolutionGuid = {AE84CAD1-E75A-4028-9187-0B59CFBE3523}
	EndGlobalSection
EndGlobal
